
Microsoft Visual Studio Solution File, Format Version 12.00
# Visual Studio 15
VisualStudioVersion = 15.0.26730.16
MinimumVisualStudioVersion = 10.0.40219.1
Project("{9A19103F-16F7-4668-BE54-9A1E7A4F7556}") = "Mennu", "Mennu\Mennu.csproj", "{CE0ED588-8758-4AC2-B0DF-BB743B154504}"
EndProject
Global
	GlobalSection(SolutionConfigurationPlatforms) = preSolution
		Debug|Any CPU = Debug|Any CPU
		Release|Any CPU = Release|Any CPU
	EndGlobalSection
	GlobalSection(ProjectConfigurationPlatforms) = postSolution
		{CE0ED588-8758-4AC2-B0DF-BB743B154504}.Debug|Any CPU.ActiveCfg = Debug|Any CPU
		{CE0ED588-8758-4AC2-B0DF-BB743B154504}.Debug|Any CPU.Build.0 = Debug|Any CPU
		{CE0ED588-8758-4AC2-B0DF-BB743B154504}.Release|Any CPU.ActiveCfg = Release|Any CPU
		{CE0ED588-8758-4AC2-B0DF-BB743B154504}.Release|Any CPU.Build.0 = Release|Any CPU
	EndGlobalSection
	GlobalSection(SolutionProperties) = preSolution
		HideSolutionNode = FALSE
	EndGlobalSection
	GlobalSection(ExtensibilityGlobals) = postSolution
		SolutionGuid = {F9FD378B-AB5F-44DC-A82F-0C69A0EE2FDB}
	EndGlobalSection
EndGlobal
